
Microsoft Visual Studio Solution File, Format Version 12.00
# Visual Studio 15
VisualStudioVersion = 15.0.27703.2035
MinimumVisualStudioVersion = 10.0.40219.1
Project("{FAE04EC0-301F-11D3-BF4B-00C04F79EFBC}") = "Introducao", "Introducao\Introducao.csproj", "{DD4EF506-2344-4591-8CE0-F2F3558C0A39}"
EndProject
Project("{FAE04EC0-301F-11D3-BF4B-00C04F79EFBC}") = "Introducao.Tests", "Introducao.Tests\Introducao.Tests.csproj", "{04D8025B-82CD-4D84-9BBA-6EA857833B0D}"
EndProject
Global
	GlobalSection(SolutionConfigurationPlatforms) = preSolution
		Debug|Any CPU = Debug|Any CPU
		Release|Any CPU = Release|Any CPU
	EndGlobalSection
	GlobalSection(ProjectConfigurationPlatforms) = postSolution
		{DD4EF506-2344-4591-8CE0-F2F3558C0A39}.Debug|Any CPU.ActiveCfg = Debug|Any CPU
		{DD4EF506-2344-4591-8CE0-F2F3558C0A39}.Debug|Any CPU.Build.0 = Debug|Any CPU
		{DD4EF506-2344-4591-8CE0-F2F3558C0A39}.Release|Any CPU.ActiveCfg = Release|Any CPU
		{DD4EF506-2344-4591-8CE0-F2F3558C0A39}.Release|Any CPU.Build.0 = Release|Any CPU
		{04D8025B-82CD-4D84-9BBA-6EA857833B0D}.Debug|Any CPU.ActiveCfg = Debug|Any CPU
		{04D8025B-82CD-4D84-9BBA-6EA857833B0D}.Debug|Any CPU.Build.0 = Debug|Any CPU
		{04D8025B-82CD-4D84-9BBA-6EA857833B0D}.Release|Any CPU.ActiveCfg = Release|Any CPU
		{04D8025B-82CD-4D84-9BBA-6EA857833B0D}.Release|Any CPU.Build.0 = Release|Any CPU
	EndGlobalSection
	GlobalSection(SolutionProperties) = preSolution
		HideSolutionNode = FALSE
	EndGlobalSection
	GlobalSection(ExtensibilityGlobals) = postSolution
		SolutionGuid = {8FCD26A4-7EE5-4A90-A230-024F26FDBABF}
	EndGlobalSection
EndGlobal
